
Microsoft Visual Studio Solution File, Format Version 12.00
# Visual Studio 2013
VisualStudioVersion = 12.0.30723.0
MinimumVisualStudioVersion = 10.0.40219.1
Project("{FAE04EC0-301F-11D3-BF4B-00C04F79EFBC}") = "dashboard", "dashboard\dashboard.csproj", "{92E04362-5A20-40DF-AD51-8E2FCF06D50D}"
EndProject
Project("{2150E333-8FDC-42A3-9474-1A3956D46DE8}") = "PublishScripts", "PublishScripts", "{4200413B-4738-4011-832A-748ECAB911C3}"
	ProjectSection(SolutionItems) = preProject
		PublishScripts\AzureWebsitePublishModule.psm1 = PublishScripts\AzureWebsitePublishModule.psm1
		PublishScripts\Publish-WebApplicationWebsite.ps1 = PublishScripts\Publish-WebApplicationWebsite.ps1
	EndProjectSection
EndProject
Project("{2150E333-8FDC-42A3-9474-1A3956D46DE8}") = "Configurations", "Configurations", "{74690370-3F61-4589-BB05-3B816A7BB0B0}"
	ProjectSection(SolutionItems) = preProject
		PublishScripts\Configurations\dashboard-WAWS-dev.json = PublishScripts\Configurations\dashboard-WAWS-dev.json
	EndProjectSection
EndProject
Global
	GlobalSection(SolutionConfigurationPlatforms) = preSolution
		Debug|Any CPU = Debug|Any CPU
		Release|Any CPU = Release|Any CPU
	EndGlobalSection
	GlobalSection(ProjectConfigurationPlatforms) = postSolution
		{92E04362-5A20-40DF-AD51-8E2FCF06D50D}.Debug|Any CPU.ActiveCfg = Debug|Any CPU
		{92E04362-5A20-40DF-AD51-8E2FCF06D50D}.Debug|Any CPU.Build.0 = Debug|Any CPU
		{92E04362-5A20-40DF-AD51-8E2FCF06D50D}.Release|Any CPU.ActiveCfg = Release|Any CPU
		{92E04362-5A20-40DF-AD51-8E2FCF06D50D}.Release|Any CPU.Build.0 = Release|Any CPU
	EndGlobalSection
	GlobalSection(SolutionProperties) = preSolution
		HideSolutionNode = FALSE
	EndGlobalSection
	GlobalSection(NestedProjects) = preSolution
		{74690370-3F61-4589-BB05-3B816A7BB0B0} = {4200413B-4738-4011-832A-748ECAB911C3}
	EndGlobalSection
EndGlobal
